
Microsoft Visual Studio Solution File, Format Version 12.00
# Visual Studio Version 17
VisualStudioVersion = 17.7.34221.43
MinimumVisualStudioVersion = 10.0.40219.1
Project("{FAE04EC0-301F-11D3-BF4B-00C04F79EFBC}") = "serbestploje", "serbestploje\serbestploje.csproj", "{09E60503-BC3D-4BB4-9D00-BC52EB385FE5}"
EndProject
Global
	GlobalSection(SolutionConfigurationPlatforms) = preSolution
		Debug|Any CPU = Debug|Any CPU
		Release|Any CPU = Release|Any CPU
	EndGlobalSection
	GlobalSection(ProjectConfigurationPlatforms) = postSolution
		{09E60503-BC3D-4BB4-9D00-BC52EB385FE5}.Debug|Any CPU.ActiveCfg = Debug|Any CPU
		{09E60503-BC3D-4BB4-9D00-BC52EB385FE5}.Debug|Any CPU.Build.0 = Debug|Any CPU
		{09E60503-BC3D-4BB4-9D00-BC52EB385FE5}.Release|Any CPU.ActiveCfg = Release|Any CPU
		{09E60503-BC3D-4BB4-9D00-BC52EB385FE5}.Release|Any CPU.Build.0 = Release|Any CPU
	EndGlobalSection
	GlobalSection(SolutionProperties) = preSolution
		HideSolutionNode = FALSE
	EndGlobalSection
	GlobalSection(ExtensibilityGlobals) = postSolution
		SolutionGuid = {4FACAC59-2444-4307-9B1C-5CA60C63DC26}
	EndGlobalSection
EndGlobal
